schema: '2.0'
stages:
  prepare_movie_metadata:
    cmd: python -m pipelines.prepare_movie_metadata_pipeline
    deps:
    - path: data/raw/row_movie_metadata/credits.csv
      hash: md5
      md5: d62a1d7d652d324bebee68782f664fc9
      size: 189917659
    - path: data/raw/row_movie_metadata/keywords.csv
      hash: md5
      md5: 7d0f5123e11917fa1bea011448e5f73d
      size: 6231943
    - path: data/raw/row_movie_metadata/movies_metadata.csv
      hash: md5
      md5: 42bf3ef8c208a01a4776955875978b1e
      size: 34445126
    - path: pipelines/prepare_movie_metadata_pipeline.py
      hash: md5
      md5: d1bad7dcbc6f4d04deacaa9bb900dad1
      size: 1316
    outs:
    - path: data/merged/movies_metadata_merged.csv
      hash: md5
      md5: f7496793d4b20db86197683b90de1317
      size: 215312629
